// !$*UTF8*$!
{
	archiveVersion = 1;
	classes = {
	};
	objectVersion = 55;
	objects = {

/* Begin PBXBuildFile section */
		07165F2929228FBA00ED4624 /* NewsfeedCodeCell.swift in Sources */ = {isa = PBXBuildFile; fileRef = 07165F2829228FBA00ED4624 /* NewsfeedCodeCell.swift */; };
		07165F2F292299BF00ED4624 /* Constraints.swift in Sources */ = {isa = PBXBuildFile; fileRef = 07165F2E292299BF00ED4624 /* Constraints.swift */; };
		07165F3129229D4A00ED4624 /* Constants.swift in Sources */ = {isa = PBXBuildFile; fileRef = 07165F3029229D4A00ED4624 /* Constants.swift */; };
		07165F352922DC2600ED4624 /* GalleryCollectionView.swift in Sources */ = {isa = PBXBuildFile; fileRef = 07165F342922DC2600ED4624 /* GalleryCollectionView.swift */; };
		07165F372922DD9400ED4624 /* GallaryCollectionViewCell.swift in Sources */ = {isa = PBXBuildFile; fileRef = 07165F362922DD9400ED4624 /* GallaryCollectionViewCell.swift */; };
		07165F392922E5DA00ED4624 /* RowLayout.swift in Sources */ = {isa = PBXBuildFile; fileRef = 07165F382922E5DA00ED4624 /* RowLayout.swift */; };
		07165F3C2923287B00ED4624 /* TitleView.swift in Sources */ = {isa = PBXBuildFile; fileRef = 07165F3B2923287B00ED4624 /* TitleView.swift */; };
		07165F3E292328FE00ED4624 /* InsetableTextField.swift in Sources */ = {isa = PBXBuildFile; fileRef = 07165F3D292328FE00ED4624 /* InsetableTextField.swift */; };
		07165F4029232FDF00ED4624 /* UserResponse.swift in Sources */ = {isa = PBXBuildFile; fileRef = 07165F3F29232FDF00ED4624 /* UserResponse.swift */; };
		07165F432923597300ED4624 /* FooterView.swift in Sources */ = {isa = PBXBuildFile; fileRef = 07165F422923597300ED4624 /* FooterView.swift */; };
		07165F4529235FCD00ED4624 /* Localizable.stringsdict in Resources */ = {isa = PBXBuildFile; fileRef = 07165F4429235FCD00ED4624 /* Localizable.stringsdict */; };
		07165F47292364BB00ED4624 /* GradientView.swift in Sources */ = {isa = PBXBuildFile; fileRef = 07165F46292364BB00ED4624 /* GradientView.swift */; };
		071EF924291E3111003C2DE6 /* WebImageView.swift in Sources */ = {isa = PBXBuildFile; fileRef = 071EF923291E3111003C2DE6 /* WebImageView.swift */; };
		0725EFD32852625B00EEAA5A /* Session.swift in Sources */ = {isa = PBXBuildFile; fileRef = 0725EFD22852625B00EEAA5A /* Session.swift */; };
		074FD2C027F85B1E00B8C396 /* AppDelegate.swift in Sources */ = {isa = PBXBuildFile; fileRef = 074FD2BF27F85B1E00B8C396 /* AppDelegate.swift */; };
		074FD2C227F85B1E00B8C396 /* SceneDelegate.swift in Sources */ = {isa = PBXBuildFile; fileRef = 074FD2C127F85B1E00B8C396 /* SceneDelegate.swift */; };
		074FD2C427F85B1E00B8C396 /* LoginFormController.swift in Sources */ = {isa = PBXBuildFile; fileRef = 074FD2C327F85B1E00B8C396 /* LoginFormController.swift */; };
		074FD2C727F85B1E00B8C396 /* Main.storyboard in Resources */ = {isa = PBXBuildFile; fileRef = 074FD2C527F85B1E00B8C396 /* Main.storyboard */; };
		074FD2C927F85B2000B8C396 /* Assets.xcassets in Resources */ = {isa = PBXBuildFile; fileRef = 074FD2C827F85B2000B8C396 /* Assets.xcassets */; };
		074FD2CC27F85B2000B8C396 /* LaunchScreen.storyboard in Resources */ = {isa = PBXBuildFile; fileRef = 074FD2CA27F85B2000B8C396 /* LaunchScreen.storyboard */; };
		076C3766281A2E0700EFF6B1 /* avatarUIView.swift in Sources */ = {isa = PBXBuildFile; fileRef = 076C3765281A2E0700EFF6B1 /* avatarUIView.swift */; };
		076C3768281A371000EFF6B1 /* LikeControl.swift in Sources */ = {isa = PBXBuildFile; fileRef = 076C3767281A371000EFF6B1 /* LikeControl.swift */; };
		078F892F284A480B00A1999C /* FriendsBigPhotoViewController.swift in Sources */ = {isa = PBXBuildFile; fileRef = 078F892E284A480B00A1999C /* FriendsBigPhotoViewController.swift */; };
		079678BC2832F853002D4F02 /* FriendXibTableViewCell.swift in Sources */ = {isa = PBXBuildFile; fileRef = 079678BA2832F853002D4F02 /* FriendXibTableViewCell.swift */; };
		079678BD2832F853002D4F02 /* FriendXibTableViewCell.xib in Resources */ = {isa = PBXBuildFile; fileRef = 079678BB2832F853002D4F02 /* FriendXibTableViewCell.xib */; };
		07C7586A2858FB2300CD52FF /* AuthVKViewController.swift in Sources */ = {isa = PBXBuildFile; fileRef = 07C758692858FB2300CD52FF /* AuthVKViewController.swift */; };
		07CF1B19291E53C1006B6C19 /* NewsfeedCellLayoutCalculator.swift in Sources */ = {isa = PBXBuildFile; fileRef = 07CF1B18291E53C1006B6C19 /* NewsfeedCellLayoutCalculator.swift */; };
		07CF1B1B291E69A6006B6C19 /* String + Height.swift in Sources */ = {isa = PBXBuildFile; fileRef = 07CF1B1A291E69A6006B6C19 /* String + Height.swift */; };
		07D47A46291DD78600CEA77B /* NetworkService.swift in Sources */ = {isa = PBXBuildFile; fileRef = 07D47A45291DD78600CEA77B /* NetworkService.swift */; };
		07D47A48291DD86100CEA77B /* API.swift in Sources */ = {isa = PBXBuildFile; fileRef = 07D47A47291DD86100CEA77B /* API.swift */; };
		07D47A4B291DE5C900CEA77B /* FeedResponse.swift in Sources */ = {isa = PBXBuildFile; fileRef = 07D47A4A291DE5C900CEA77B /* FeedResponse.swift */; };
		07D47A4D291DE84600CEA77B /* NetworkDataFetcher.swift in Sources */ = {isa = PBXBuildFile; fileRef = 07D47A4C291DE84600CEA77B /* NetworkDataFetcher.swift */; };
		07D47A55291DF19C00CEA77B /* NewsfeedPresenter.swift in Sources */ = {isa = PBXBuildFile; fileRef = 07D47A4F291DF19C00CEA77B /* NewsfeedPresenter.swift */; };
		07D47A56291DF19C00CEA77B /* NewsfeedWorker.swift in Sources */ = {isa = PBXBuildFile; fileRef = 07D47A50291DF19C00CEA77B /* NewsfeedWorker.swift */; };
		07D47A57291DF19C00CEA77B /* NewsfeedRouter.swift in Sources */ = {isa = PBXBuildFile; fileRef = 07D47A51291DF19C00CEA77B /* NewsfeedRouter.swift */; };
		07D47A58291DF19C00CEA77B /* NewsfeedModels.swift in Sources */ = {isa = PBXBuildFile; fileRef = 07D47A52291DF19C00CEA77B /* NewsfeedModels.swift */; };
		07D47A59291DF19C00CEA77B /* NewsfeedViewController.swift in Sources */ = {isa = PBXBuildFile; fileRef = 07D47A53291DF19C00CEA77B /* NewsfeedViewController.swift */; };
		07D47A5A291DF19C00CEA77B /* NewsfeedInteractor.swift in Sources */ = {isa = PBXBuildFile; fileRef = 07D47A54291DF19C00CEA77B /* NewsfeedInteractor.swift */; };
		07D47A5D291E02AB00CEA77B /* NewsfeedCell.swift in Sources */ = {isa = PBXBuildFile; fileRef = 07D47A5C291E02AB00CEA77B /* NewsfeedCell.swift */; };
		07D47A5F291E033500CEA77B /* NewsfeedCell.xib in Resources */ = {isa = PBXBuildFile; fileRef = 07D47A5E291E033500CEA77B /* NewsfeedCell.xib */; };
		07ED13C2280DBC3600BA784C /* FriendModel.swift in Sources */ = {isa = PBXBuildFile; fileRef = 07ED13C1280DBC3600BA784C /* FriendModel.swift */; };
		07ED13C9280E3B1900BA784C /* GroupModel.swift in Sources */ = {isa = PBXBuildFile; fileRef = 07ED13C8280E3B1900BA784C /* GroupModel.swift */; };
		07ED13CD280EC3C200BA784C /* FriendsPhotoCollectionViewCell.swift in Sources */ = {isa = PBXBuildFile; fileRef = 07ED13CC280EC3C200BA784C /* FriendsPhotoCollectionViewCell.swift */; };
		07F3AC78286C9DCD00A3BE86 /* FriendsService .swift in Sources */ = {isa = PBXBuildFile; fileRef = 07F3AC77286C9DCD00A3BE86 /* FriendsService .swift */; };
		07F3AC7C2874A0DC00A3BE86 /* UIImageView extension.swift in Sources */ = {isa = PBXBuildFile; fileRef = 07F3AC7B2874A0DC00A3BE86 /* UIImageView extension.swift */; };
		07F3AC7E2874D16900A3BE86 /* GroupsService.swift in Sources */ = {isa = PBXBuildFile; fileRef = 07F3AC7D2874D16900A3BE86 /* GroupsService.swift */; };
		07FBF793280767680008E85B /* FriendsListViewController.swift in Sources */ = {isa = PBXBuildFile; fileRef = 07FBF792280767680008E85B /* FriendsListViewController.swift */; };
		07FBF795280767A10008E85B /* FriendsGroupViewController.swift in Sources */ = {isa = PBXBuildFile; fileRef = 07FBF794280767A10008E85B /* FriendsGroupViewController.swift */; };
		07FBF799280767D50008E85B /* FriendsPhotoViewController.swift in Sources */ = {isa = PBXBuildFile; fileRef = 07FBF798280767D50008E85B /* FriendsPhotoViewController.swift */; };
/* End PBXBuildFile section */

/* Begin PBXFileReference section */
		07165F2829228FBA00ED4624 /* NewsfeedCodeCell.swift */ = {isa = PBXFileReference; lastKnownFileType = sourcecode.swift; path = NewsfeedCodeCell.swift; sourceTree = "<group>"; };
		07165F2E292299BF00ED4624 /* Constraints.swift */ = {isa = PBXFileReference; fileEncoding = 4; lastKnownFileType = sourcecode.swift; path = Constraints.swift; sourceTree = "<group>"; };
		07165F3029229D4A00ED4624 /* Constants.swift */ = {isa = PBXFileReference; lastKnownFileType = sourcecode.swift; path = Constants.swift; sourceTree = "<group>"; };
		07165F342922DC2600ED4624 /* GalleryCollectionView.swift */ = {isa = PBXFileReference; lastKnownFileType = sourcecode.swift; path = GalleryCollectionView.swift; sourceTree = "<group>"; };
		07165F362922DD9400ED4624 /* GallaryCollectionViewCell.swift */ = {isa = PBXFileReference; lastKnownFileType = sourcecode.swift; path = GallaryCollectionViewCell.swift; sourceTree = "<group>"; };
		07165F382922E5DA00ED4624 /* RowLayout.swift */ = {isa = PBXFileReference; lastKnownFileType = sourcecode.swift; path = RowLayout.swift; sourceTree = "<group>"; };
		07165F3B2923287B00ED4624 /* TitleView.swift */ = {isa = PBXFileReference; lastKnownFileType = sourcecode.swift; path = TitleView.swift; sourceTree = "<group>"; };
		07165F3D292328FE00ED4624 /* InsetableTextField.swift */ = {isa = PBXFileReference; lastKnownFileType = sourcecode.swift; path = InsetableTextField.swift; sourceTree = "<group>"; };
		07165F3F29232FDF00ED4624 /* UserResponse.swift */ = {isa = PBXFileReference; lastKnownFileType = sourcecode.swift; path = UserResponse.swift; sourceTree = "<group>"; };
		07165F422923597300ED4624 /* FooterView.swift */ = {isa = PBXFileReference; lastKnownFileType = sourcecode.swift; path = FooterView.swift; sourceTree = "<group>"; };
		07165F4429235FCD00ED4624 /* Localizable.stringsdict */ = {isa = PBXFileReference; lastKnownFileType = text.plist.stringsdict; path = Localizable.stringsdict; sourceTree = "<group>"; };
		07165F46292364BB00ED4624 /* GradientView.swift */ = {isa = PBXFileReference; lastKnownFileType = sourcecode.swift; path = GradientView.swift; sourceTree = "<group>"; };
		071EF923291E3111003C2DE6 /* WebImageView.swift */ = {isa = PBXFileReference; lastKnownFileType = sourcecode.swift; path = WebImageView.swift; sourceTree = "<group>"; };
		0725EFD22852625B00EEAA5A /* Session.swift */ = {isa = PBXFileReference; lastKnownFileType = sourcecode.swift; path = Session.swift; sourceTree = "<group>"; };
		074FD2BC27F85B1E00B8C396 /* KalchabekNurbekov_vk.app */ = {isa = PBXFileReference; explicitFileType = wrapper.application; includeInIndex = 0; path = KalchabekNurbekov_vk.app; sourceTree = BUILT_PRODUCTS_DIR; };
		074FD2BF27F85B1E00B8C396 /* AppDelegate.swift */ = {isa = PBXFileReference; lastKnownFileType = sourcecode.swift; path = AppDelegate.swift; sourceTree = "<group>"; };
		074FD2C127F85B1E00B8C396 /* SceneDelegate.swift */ = {isa = PBXFileReference; lastKnownFileType = sourcecode.swift; path = SceneDelegate.swift; sourceTree = "<group>"; };
		074FD2C327F85B1E00B8C396 /* LoginFormController.swift */ = {isa = PBXFileReference; lastKnownFileType = sourcecode.swift; path = LoginFormController.swift; sourceTree = "<group>"; };
		074FD2C627F85B1E00B8C396 /* Base */ = {isa = PBXFileReference; lastKnownFileType = file.storyboard; name = Base; path = Base.lproj/Main.storyboard; sourceTree = "<group>"; };
		074FD2C827F85B2000B8C396 /* Assets.xcassets */ = {isa = PBXFileReference; lastKnownFileType = folder.assetcatalog; path = Assets.xcassets; sourceTree = "<group>"; };
		074FD2CB27F85B2000B8C396 /* Base */ = {isa = PBXFileReference; lastKnownFileType = file.storyboard; name = Base; path = Base.lproj/LaunchScreen.storyboard; sourceTree = "<group>"; };
		074FD2CD27F85B2000B8C396 /* Info.plist */ = {isa = PBXFileReference; lastKnownFileType = text.plist.xml; path = Info.plist; sourceTree = "<group>"; };
		076C3765281A2E0700EFF6B1 /* avatarUIView.swift */ = {isa = PBXFileReference; lastKnownFileType = sourcecode.swift; path = avatarUIView.swift; sourceTree = "<group>"; };
		076C3767281A371000EFF6B1 /* LikeControl.swift */ = {isa = PBXFileReference; lastKnownFileType = sourcecode.swift; path = LikeControl.swift; sourceTree = "<group>"; };
		078F892E284A480B00A1999C /* FriendsBigPhotoViewController.swift */ = {isa = PBXFileReference; lastKnownFileType = sourcecode.swift; path = FriendsBigPhotoViewController.swift; sourceTree = "<group>"; };
		079678BA2832F853002D4F02 /* FriendXibTableViewCell.swift */ = {isa = PBXFileReference; lastKnownFileType = sourcecode.swift; path = FriendXibTableViewCell.swift; sourceTree = "<group>"; };
		079678BB2832F853002D4F02 /* FriendXibTableViewCell.xib */ = {isa = PBXFileReference; lastKnownFileType = file.xib; path = FriendXibTableViewCell.xib; sourceTree = "<group>"; };
		07C758692858FB2300CD52FF /* AuthVKViewController.swift */ = {isa = PBXFileReference; lastKnownFileType = sourcecode.swift; path = AuthVKViewController.swift; sourceTree = "<group>"; };
		07CF1B18291E53C1006B6C19 /* NewsfeedCellLayoutCalculator.swift */ = {isa = PBXFileReference; lastKnownFileType = sourcecode.swift; path = NewsfeedCellLayoutCalculator.swift; sourceTree = "<group>"; };
		07CF1B1A291E69A6006B6C19 /* String + Height.swift */ = {isa = PBXFileReference; lastKnownFileType = sourcecode.swift; path = "String + Height.swift"; sourceTree = "<group>"; };
		07D47A45291DD78600CEA77B /* NetworkService.swift */ = {isa = PBXFileReference; lastKnownFileType = sourcecode.swift; path = NetworkService.swift; sourceTree = "<group>"; };
		07D47A47291DD86100CEA77B /* API.swift */ = {isa = PBXFileReference; lastKnownFileType = sourcecode.swift; path = API.swift; sourceTree = "<group>"; };
		07D47A4A291DE5C900CEA77B /* FeedResponse.swift */ = {isa = PBXFileReference; lastKnownFileType = sourcecode.swift; path = FeedResponse.swift; sourceTree = "<group>"; };
		07D47A4C291DE84600CEA77B /* NetworkDataFetcher.swift */ = {isa = PBXFileReference; lastKnownFileType = sourcecode.swift; path = NetworkDataFetcher.swift; sourceTree = "<group>"; };
		07D47A4F291DF19C00CEA77B /* NewsfeedPresenter.swift */ = {isa = PBXFileReference; lastKnownFileType = sourcecode.swift; path = NewsfeedPresenter.swift; sourceTree = "<group>"; };
		07D47A50291DF19C00CEA77B /* NewsfeedWorker.swift */ = {isa = PBXFileReference; lastKnownFileType = sourcecode.swift; path = NewsfeedWorker.swift; sourceTree = "<group>"; };
		07D47A51291DF19C00CEA77B /* NewsfeedRouter.swift */ = {isa = PBXFileReference; lastKnownFileType = sourcecode.swift; path = NewsfeedRouter.swift; sourceTree = "<group>"; };
		07D47A52291DF19C00CEA77B /* NewsfeedModels.swift */ = {isa = PBXFileReference; lastKnownFileType = sourcecode.swift; path = NewsfeedModels.swift; sourceTree = "<group>"; };
		07D47A53291DF19C00CEA77B /* NewsfeedViewController.swift */ = {isa = PBXFileReference; lastKnownFileType = sourcecode.swift; path = NewsfeedViewController.swift; sourceTree = "<group>"; };
		07D47A54291DF19C00CEA77B /* NewsfeedInteractor.swift */ = {isa = PBXFileReference; lastKnownFileType = sourcecode.swift; path = NewsfeedInteractor.swift; sourceTree = "<group>"; };
		07D47A5C291E02AB00CEA77B /* NewsfeedCell.swift */ = {isa = PBXFileReference; lastKnownFileType = sourcecode.swift; path = NewsfeedCell.swift; sourceTree = "<group>"; };
		07D47A5E291E033500CEA77B /* NewsfeedCell.xib */ = {isa = PBXFileReference; lastKnownFileType = file.xib; path = NewsfeedCell.xib; sourceTree = "<group>"; };
		07ED13C1280DBC3600BA784C /* FriendModel.swift */ = {isa = PBXFileReference; lastKnownFileType = sourcecode.swift; path = FriendModel.swift; sourceTree = "<group>"; };
		07ED13C8280E3B1900BA784C /* GroupModel.swift */ = {isa = PBXFileReference; lastKnownFileType = sourcecode.swift; path = GroupModel.swift; sourceTree = "<group>"; };
		07ED13CC280EC3C200BA784C /* FriendsPhotoCollectionViewCell.swift */ = {isa = PBXFileReference; lastKnownFileType = sourcecode.swift; path = FriendsPhotoCollectionViewCell.swift; sourceTree = "<group>"; };
		07F3AC77286C9DCD00A3BE86 /* FriendsService .swift */ = {isa = PBXFileReference; lastKnownFileType = sourcecode.swift; path = "FriendsService .swift"; sourceTree = "<group>"; };
		07F3AC7B2874A0DC00A3BE86 /* UIImageView extension.swift */ = {isa = PBXFileReference; lastKnownFileType = sourcecode.swift; path = "UIImageView extension.swift"; sourceTree = "<group>"; };
		07F3AC7D2874D16900A3BE86 /* GroupsService.swift */ = {isa = PBXFileReference; lastKnownFileType = sourcecode.swift; path = GroupsService.swift; sourceTree = "<group>"; };
		07FBF792280767680008E85B /* FriendsListViewController.swift */ = {isa = PBXFileReference; lastKnownFileType = sourcecode.swift; path = FriendsListViewController.swift; sourceTree = "<group>"; };
		07FBF794280767A10008E85B /* FriendsGroupViewController.swift */ = {isa = PBXFileReference; lastKnownFileType = sourcecode.swift; path = FriendsGroupViewController.swift; sourceTree = "<group>"; };
		07FBF798280767D50008E85B /* FriendsPhotoViewController.swift */ = {isa = PBXFileReference; lastKnownFileType = sourcecode.swift; path = FriendsPhotoViewController.swift; sourceTree = "<group>"; };
/* End PBXFileReference section */

/* Begin PBXFrameworksBuildPhase section */
		074FD2B927F85B1E00B8C396 /* Frameworks */ = {
			isa = PBXFrameworksBuildPhase;
			buildActionMask = 2147483647;
			files = (
			);
			runOnlyForDeploymentPostprocessing = 0;
		};
/* End PBXFrameworksBuildPhase section */

/* Begin PBXGroup section */
		07165F332922DBEC00ED4624 /* GallaryView */ = {
			isa = PBXGroup;
			children = (
				07165F382922E5DA00ED4624 /* RowLayout.swift */,
				07165F362922DD9400ED4624 /* GallaryCollectionViewCell.swift */,
				07165F342922DC2600ED4624 /* GalleryCollectionView.swift */,
			);
			path = GallaryView;
			sourceTree = "<group>";
		};
		07165F3A2923283400ED4624 /* TitleView */ = {
			isa = PBXGroup;
			children = (
				07165F3B2923287B00ED4624 /* TitleView.swift */,
				07165F3D292328FE00ED4624 /* InsetableTextField.swift */,
			);
			path = TitleView;
			sourceTree = "<group>";
		};
		07165F412923595800ED4624 /* FooterView */ = {
			isa = PBXGroup;
			children = (
				07165F422923597300ED4624 /* FooterView.swift */,
			);
			path = FooterView;
			sourceTree = "<group>";
		};
		074FD2B327F85B1E00B8C396 = {
			isa = PBXGroup;
			children = (
				074FD2BE27F85B1E00B8C396 /* KalchabekNurbekov_vk */,
				074FD2BD27F85B1E00B8C396 /* Products */,
			);
			sourceTree = "<group>";
		};
		074FD2BD27F85B1E00B8C396 /* Products */ = {
			isa = PBXGroup;
			children = (
				074FD2BC27F85B1E00B8C396 /* KalchabekNurbekov_vk.app */,
			);
			name = Products;
			sourceTree = "<group>";
		};
		074FD2BE27F85B1E00B8C396 /* KalchabekNurbekov_vk */ = {
			isa = PBXGroup;
			children = (
				07C7586F28590A4900CD52FF /* App */,
				074FD2C527F85B1E00B8C396 /* Main.storyboard */,
				074FD2CA27F85B2000B8C396 /* LaunchScreen.storyboard */,
				074FD2C327F85B1E00B8C396 /* LoginFormController.swift */,
				07C758692858FB2300CD52FF /* AuthVKViewController.swift */,
				07C7586B285903FB00CD52FF /* Services */,
				07D47A44291DD66000CEA77B /* Helpers */,
				07ED13C3280DBC3D00BA784C /* Model */,
				07C8BF4228525B8300EF35B8 /* Friends */,
				07C8BF4328525BA400EF35B8 /* Groups */,
				07D47A43291DD62D00CEA77B /* NewsFeed */,
				074FD2C827F85B2000B8C396 /* Assets.xcassets */,
				07165F4429235FCD00ED4624 /* Localizable.stringsdict */,
				074FD2CD27F85B2000B8C396 /* Info.plist */,
			);
			path = KalchabekNurbekov_vk;
			sourceTree = "<group>";
		};
		07C7586B285903FB00CD52FF /* Services */ = {
			isa = PBXGroup;
			children = (
				0725EFD22852625B00EEAA5A /* Session.swift */,
				07F3AC77286C9DCD00A3BE86 /* FriendsService .swift */,
				07F3AC7D2874D16900A3BE86 /* GroupsService.swift */,
			);
			path = Services;
			sourceTree = "<group>";
		};
		07C7586F28590A4900CD52FF /* App */ = {
			isa = PBXGroup;
			children = (
				074FD2BF27F85B1E00B8C396 /* AppDelegate.swift */,
				074FD2C127F85B1E00B8C396 /* SceneDelegate.swift */,
			);
			path = App;
			sourceTree = "<group>";
		};
		07C8BF4228525B8300EF35B8 /* Friends */ = {
			isa = PBXGroup;
			children = (
				07FBF792280767680008E85B /* FriendsListViewController.swift */,
				07FBF798280767D50008E85B /* FriendsPhotoViewController.swift */,
				078F892E284A480B00A1999C /* FriendsBigPhotoViewController.swift */,
				079678BA2832F853002D4F02 /* FriendXibTableViewCell.swift */,
				079678BB2832F853002D4F02 /* FriendXibTableViewCell.xib */,
				07ED13CC280EC3C200BA784C /* FriendsPhotoCollectionViewCell.swift */,
			);
			path = Friends;
			sourceTree = "<group>";
		};
		07C8BF4328525BA400EF35B8 /* Groups */ = {
			isa = PBXGroup;
			children = (
				07FBF794280767A10008E85B /* FriendsGroupViewController.swift */,
			);
			path = Groups;
			sourceTree = "<group>";
		};
		07D47A43291DD62D00CEA77B /* NewsFeed */ = {
			isa = PBXGroup;
			children = (
				07165F412923595800ED4624 /* FooterView */,
				07165F3A2923283400ED4624 /* TitleView */,
				07D47A4E291DF14B00CEA77B /* NewsFeed */,
				07165F332922DBEC00ED4624 /* GallaryView */,
				07D47A5B291E027900CEA77B /* Cell */,
				07D47A49291DE5A300CEA77B /* Models */,
				07D47A4C291DE84600CEA77B /* NetworkDataFetcher.swift */,
				07D47A45291DD78600CEA77B /* NetworkService.swift */,
				07D47A47291DD86100CEA77B /* API.swift */,
			);
			path = NewsFeed;
			sourceTree = "<group>";
		};
		07D47A44291DD66000CEA77B /* Helpers */ = {
			isa = PBXGroup;
			children = (
				076C3765281A2E0700EFF6B1 /* avatarUIView.swift */,
				076C3767281A371000EFF6B1 /* LikeControl.swift */,
				07F3AC7B2874A0DC00A3BE86 /* UIImageView extension.swift */,
				07165F2E292299BF00ED4624 /* Constraints.swift */,
				071EF923291E3111003C2DE6 /* WebImageView.swift */,
				07CF1B1A291E69A6006B6C19 /* String + Height.swift */,
				07165F46292364BB00ED4624 /* GradientView.swift */,
			);
			path = Helpers;
			sourceTree = "<group>";
		};
		07D47A49291DE5A300CEA77B /* Models */ = {
			isa = PBXGroup;
			children = (
				07D47A4A291DE5C900CEA77B /* FeedResponse.swift */,
				07165F3F29232FDF00ED4624 /* UserResponse.swift */,
			);
			path = Models;
			sourceTree = "<group>";
		};
		07D47A4E291DF14B00CEA77B /* NewsFeed */ = {
			isa = PBXGroup;
			children = (
				07D47A53291DF19C00CEA77B /* NewsfeedViewController.swift */,
				07D47A54291DF19C00CEA77B /* NewsfeedInteractor.swift */,
				07D47A4F291DF19C00CEA77B /* NewsfeedPresenter.swift */,
				07D47A52291DF19C00CEA77B /* NewsfeedModels.swift */,
				07D47A50291DF19C00CEA77B /* NewsfeedWorker.swift */,
				07D47A51291DF19C00CEA77B /* NewsfeedRouter.swift */,
			);
			path = NewsFeed;
			sourceTree = "<group>";
		};
		07D47A5B291E027900CEA77B /* Cell */ = {
			isa = PBXGroup;
			children = (
				07165F3029229D4A00ED4624 /* Constants.swift */,
				07D47A5C291E02AB00CEA77B /* NewsfeedCell.swift */,
				07165F2829228FBA00ED4624 /* NewsfeedCodeCell.swift */,
				07CF1B18291E53C1006B6C19 /* NewsfeedCellLayoutCalculator.swift */,
				07D47A5E291E033500CEA77B /* NewsfeedCell.xib */,
			);
			path = Cell;
			sourceTree = "<group>";
		};
		07ED13C3280DBC3D00BA784C /* Model */ = {
			isa = PBXGroup;
			children = (
				07ED13C1280DBC3600BA784C /* FriendModel.swift */,
				07ED13C8280E3B1900BA784C /* GroupModel.swift */,
			);
			path = Model;
			sourceTree = "<group>";
		};
/* End PBXGroup section */

/* Begin PBXNativeTarget section */
		074FD2BB27F85B1E00B8C396 /* KalchabekNurbekov_vk */ = {
			isa = PBXNativeTarget;
			buildConfigurationList = 074FD2D027F85B2000B8C396 /* Build configuration list for PBXNativeTarget "KalchabekNurbekov_vk" */;
			buildPhases = (
				074FD2B827F85B1E00B8C396 /* Sources */,
				074FD2B927F85B1E00B8C396 /* Frameworks */,
				074FD2BA27F85B1E00B8C396 /* Resources */,
			);
			buildRules = (
			);
			dependencies = (
			);
			name = KalchabekNurbekov_vk;
			productName = KalchabekNurbekov_vk;
			productReference = 074FD2BC27F85B1E00B8C396 /* KalchabekNurbekov_vk.app */;
			productType = "com.apple.product-type.application";
		};
/* End PBXNativeTarget section */

/* Begin PBXProject section */
		074FD2B427F85B1E00B8C396 /* Project object */ = {
			isa = PBXProject;
			attributes = {
				BuildIndependentTargetsInParallel = 1;
				LastSwiftUpdateCheck = 1320;
				LastUpgradeCheck = 1320;
				TargetAttributes = {
					074FD2BB27F85B1E00B8C396 = {
						CreatedOnToolsVersion = 13.2.1;
					};
				};
			};
			buildConfigurationList = 074FD2B727F85B1E00B8C396 /* Build configuration list for PBXProject "KalchabekNurbekov_vk" */;
			compatibilityVersion = "Xcode 13.0";
			developmentRegion = en;
			hasScannedForEncodings = 0;
			knownRegions = (
				en,
				Base,
			);
			mainGroup = 074FD2B327F85B1E00B8C396;
			productRefGroup = 074FD2BD27F85B1E00B8C396 /* Products */;
			projectDirPath = "";
			projectRoot = "";
			targets = (
				074FD2BB27F85B1E00B8C396 /* KalchabekNurbekov_vk */,
			);
		};
/* End PBXProject section */

/* Begin PBXResourcesBuildPhase section */
		074FD2BA27F85B1E00B8C396 /* Resources */ = {
			isa = PBXResourcesBuildPhase;
			buildActionMask = 2147483647;
			files = (
				074FD2CC27F85B2000B8C396 /* LaunchScreen.storyboard in Resources */,
				079678BD2832F853002D4F02 /* FriendXibTableViewCell.xib in Resources */,
				074FD2C927F85B2000B8C396 /* Assets.xcassets in Resources */,
				074FD2C727F85B1E00B8C396 /* Main.storyboard in Resources */,
				07D47A5F291E033500CEA77B /* NewsfeedCell.xib in Resources */,
				07165F4529235FCD00ED4624 /* Localizable.stringsdict in Resources */,
			);
			runOnlyForDeploymentPostprocessing = 0;
		};
/* End PBXResourcesBuildPhase section */

/* Begin PBXSourcesBuildPhase section */
		074FD2B827F85B1E00B8C396 /* Sources */ = {
			isa = PBXSourcesBuildPhase;
			buildActionMask = 2147483647;
			files = (
				07D47A4D291DE84600CEA77B /* NetworkDataFetcher.swift in Sources */,
				07D47A57291DF19C00CEA77B /* NewsfeedRouter.swift in Sources */,
				07165F2F292299BF00ED4624 /* Constraints.swift in Sources */,
				07F3AC78286C9DCD00A3BE86 /* FriendsService .swift in Sources */,
				071EF924291E3111003C2DE6 /* WebImageView.swift in Sources */,
				07D47A55291DF19C00CEA77B /* NewsfeedPresenter.swift in Sources */,
				07D47A5D291E02AB00CEA77B /* NewsfeedCell.swift in Sources */,
				074FD2C427F85B1E00B8C396 /* LoginFormController.swift in Sources */,
				07F3AC7E2874D16900A3BE86 /* GroupsService.swift in Sources */,
				078F892F284A480B00A1999C /* FriendsBigPhotoViewController.swift in Sources */,
				074FD2C027F85B1E00B8C396 /* AppDelegate.swift in Sources */,
				07165F3C2923287B00ED4624 /* TitleView.swift in Sources */,
				07CF1B1B291E69A6006B6C19 /* String + Height.swift in Sources */,
				07165F2929228FBA00ED4624 /* NewsfeedCodeCell.swift in Sources */,
				079678BC2832F853002D4F02 /* FriendXibTableViewCell.swift in Sources */,
				07165F432923597300ED4624 /* FooterView.swift in Sources */,
				07D47A56291DF19C00CEA77B /* NewsfeedWorker.swift in Sources */,
				07FBF795280767A10008E85B /* FriendsGroupViewController.swift in Sources */,
				07D47A4B291DE5C900CEA77B /* FeedResponse.swift in Sources */,
				07CF1B19291E53C1006B6C19 /* NewsfeedCellLayoutCalculator.swift in Sources */,
				07C7586A2858FB2300CD52FF /* AuthVKViewController.swift in Sources */,
				07D47A48291DD86100CEA77B /* API.swift in Sources */,
				07D47A58291DF19C00CEA77B /* NewsfeedModels.swift in Sources */,
				07165F4029232FDF00ED4624 /* UserResponse.swift in Sources */,
				07165F352922DC2600ED4624 /* GalleryCollectionView.swift in Sources */,
				076C3766281A2E0700EFF6B1 /* avatarUIView.swift in Sources */,
				07FBF799280767D50008E85B /* FriendsPhotoViewController.swift in Sources */,
				07ED13C2280DBC3600BA784C /* FriendModel.swift in Sources */,
				07D47A59291DF19C00CEA77B /* NewsfeedViewController.swift in Sources */,
				07165F392922E5DA00ED4624 /* RowLayout.swift in Sources */,
				07165F3129229D4A00ED4624 /* Constants.swift in Sources */,
				07F3AC7C2874A0DC00A3BE86 /* UIImageView extension.swift in Sources */,
				076C3768281A371000EFF6B1 /* LikeControl.swift in Sources */,
				07165F372922DD9400ED4624 /* GallaryCollectionViewCell.swift in Sources */,
				07ED13C9280E3B1900BA784C /* GroupModel.swift in Sources */,
				07FBF793280767680008E85B /* FriendsListViewController.swift in Sources */,
				0725EFD32852625B00EEAA5A /* Session.swift in Sources */,
				07165F3E292328FE00ED4624 /* InsetableTextField.swift in Sources */,
				074FD2C227F85B1E00B8C396 /* SceneDelegate.swift in Sources */,
				07D47A46291DD78600CEA77B /* NetworkService.swift in Sources */,
				07ED13CD280EC3C200BA784C /* FriendsPhotoCollectionViewCell.swift in Sources */,
				07165F47292364BB00ED4624 /* GradientView.swift in Sources */,
				07D47A5A291DF19C00CEA77B /* NewsfeedInteractor.swift in Sources */,
			);
			runOnlyForDeploymentPostprocessing = 0;
		};
/* End PBXSourcesBuildPhase section */

/* Begin PBXVariantGroup section */
		074FD2C527F85B1E00B8C396 /* Main.storyboard */ = {
			isa = PBXVariantGroup;
			children = (
				074FD2C627F85B1E00B8C396 /* Base */,
			);
			name = Main.storyboard;
			sourceTree = "<group>";
		};
		074FD2CA27F85B2000B8C396 /* LaunchScreen.storyboard */ = {
			isa = PBXVariantGroup;
			children = (
				074FD2CB27F85B2000B8C396 /* Base */,
			);
			name = LaunchScreen.storyboard;
			sourceTree = "<group>";
		};
/* End PBXVariantGroup section */

/* Begin XCBuildConfiguration section */
		074FD2CE27F85B2000B8C396 /* Debug */ = {
			isa = XCBuildConfiguration;
			buildSettings = {
				ALWAYS_SEARCH_USER_PATHS = NO;
				CLANG_ANALYZER_NONNULL = YES;
				CLANG_ANALYZER_NUMBER_OBJECT_CONVERSION = YES_AGGRESSIVE;
				CLANG_CXX_LANGUAGE_STANDARD = "gnu++17";
				CLANG_CXX_LIBRARY = "libc++";
				CLANG_ENABLE_MODULES = YES;
				CLANG_ENABLE_OBJC_ARC = YES;
				CLANG_ENABLE_OBJC_WEAK = YES;
				CLANG_WARN_BLOCK_CAPTURE_AUTORELEASING = YES;
				CLANG_WARN_BOOL_CONVERSION = YES;
				CLANG_WARN_COMMA = YES;
				CLANG_WARN_CONSTANT_CONVERSION = YES;
				CLANG_WARN_DEPRECATED_OBJC_IMPLEMENTATIONS = YES;
				CLANG_WARN_DIRECT_OBJC_ISA_USAGE = YES_ERROR;
				CLANG_WARN_DOCUMENTATION_COMMENTS = YES;
				CLANG_WARN_EMPTY_BODY = YES;
				CLANG_WARN_ENUM_CONVERSION = YES;
				CLANG_WARN_INFINITE_RECURSION = YES;
				CLANG_WARN_INT_CONVERSION = YES;
				CLANG_WARN_NON_LITERAL_NULL_CONVERSION = YES;
				CLANG_WARN_OBJC_IMPLICIT_RETAIN_SELF = YES;
				CLANG_WARN_OBJC_LITERAL_CONVERSION = YES;
				CLANG_WARN_OBJC_ROOT_CLASS = YES_ERROR;
				CLANG_WARN_QUOTED_INCLUDE_IN_FRAMEWORK_HEADER = YES;
				CLANG_WARN_RANGE_LOOP_ANALYSIS = YES;
				CLANG_WARN_STRICT_PROTOTYPES = YES;
				CLANG_WARN_SUSPICIOUS_MOVE = YES;
				CLANG_WARN_UNGUARDED_AVAILABILITY = YES_AGGRESSIVE;
				CLANG_WARN_UNREACHABLE_CODE = YES;
				CLANG_WARN__DUPLICATE_METHOD_MATCH = YES;
				COPY_PHASE_STRIP = NO;
				DEBUG_INFORMATION_FORMAT = dwarf;
				ENABLE_STRICT_OBJC_MSGSEND = YES;
				ENABLE_TESTABILITY = YES;
				GCC_C_LANGUAGE_STANDARD = gnu11;
				GCC_DYNAMIC_NO_PIC = NO;
				GCC_NO_COMMON_BLOCKS = YES;
				GCC_OPTIMIZATION_LEVEL = 0;
				GCC_PREPROCESSOR_DEFINITIONS = (
					"DEBUG=1",
					"$(inherited)",
				);
				GCC_WARN_64_TO_32_BIT_CONVERSION = YES;
				GCC_WARN_ABOUT_RETURN_TYPE = YES_ERROR;
				GCC_WARN_UNDECLARED_SELECTOR = YES;
				GCC_WARN_UNINITIALIZED_AUTOS = YES_AGGRESSIVE;
				GCC_WARN_UNUSED_FUNCTION = YES;
				GCC_WARN_UNUSED_VARIABLE = YES;
				IPHONEOS_DEPLOYMENT_TARGET = 15.2;
				MTL_ENABLE_DEBUG_INFO = INCLUDE_SOURCE;
				MTL_FAST_MATH = YES;
				ONLY_ACTIVE_ARCH = YES;
				SDKROOT = iphoneos;
				SWIFT_ACTIVE_COMPILATION_CONDITIONS = DEBUG;
				SWIFT_OPTIMIZATION_LEVEL = "-Onone";
			};
			name = Debug;
		};
		074FD2CF27F85B2000B8C396 /* Release */ = {
			isa = XCBuildConfiguration;
			buildSettings = {
				ALWAYS_SEARCH_USER_PATHS = NO;
				CLANG_ANALYZER_NONNULL = YES;
				CLANG_ANALYZER_NUMBER_OBJECT_CONVERSION = YES_AGGRESSIVE;
				CLANG_CXX_LANGUAGE_STANDARD = "gnu++17";
				CLANG_CXX_LIBRARY = "libc++";
				CLANG_ENABLE_MODULES = YES;
				CLANG_ENABLE_OBJC_ARC = YES;
				CLANG_ENABLE_OBJC_WEAK = YES;
				CLANG_WARN_BLOCK_CAPTURE_AUTORELEASING = YES;
				CLANG_WARN_BOOL_CONVERSION = YES;
				CLANG_WARN_COMMA = YES;
				CLANG_WARN_CONSTANT_CONVERSION = YES;
				CLANG_WARN_DEPRECATED_OBJC_IMPLEMENTATIONS = YES;
				CLANG_WARN_DIRECT_OBJC_ISA_USAGE = YES_ERROR;
				CLANG_WARN_DOCUMENTATION_COMMENTS = YES;
				CLANG_WARN_EMPTY_BODY = YES;
				CLANG_WARN_ENUM_CONVERSION = YES;
				CLANG_WARN_INFINITE_RECURSION = YES;
				CLANG_WARN_INT_CONVERSION = YES;
				CLANG_WARN_NON_LITERAL_NULL_CONVERSION = YES;
				CLANG_WARN_OBJC_IMPLICIT_RETAIN_SELF = YES;
				CLANG_WARN_OBJC_LITERAL_CONVERSION = YES;
				CLANG_WARN_OBJC_ROOT_CLASS = YES_ERROR;
				CLANG_WARN_QUOTED_INCLUDE_IN_FRAMEWORK_HEADER = YES;
				CLANG_WARN_RANGE_LOOP_ANALYSIS = YES;
				CLANG_WARN_STRICT_PROTOTYPES = YES;
				CLANG_WARN_SUSPICIOUS_MOVE = YES;
				CLANG_WARN_UNGUARDED_AVAILABILITY = YES_AGGRESSIVE;
				CLANG_WARN_UNREACHABLE_CODE = YES;
				CLANG_WARN__DUPLICATE_METHOD_MATCH = YES;
				COPY_PHASE_STRIP = NO;
				DEBUG_INFORMATION_FORMAT = "dwarf-with-dsym";
				ENABLE_NS_ASSERTIONS = NO;
				ENABLE_STRICT_OBJC_MSGSEND = YES;
				GCC_C_LANGUAGE_STANDARD = gnu11;
				GCC_NO_COMMON_BLOCKS = YES;
				GCC_WARN_64_TO_32_BIT_CONVERSION = YES;
				GCC_WARN_ABOUT_RETURN_TYPE = YES_ERROR;
				GCC_WARN_UNDECLARED_SELECTOR = YES;
				GCC_WARN_UNINITIALIZED_AUTOS = YES_AGGRESSIVE;
				GCC_WARN_UNUSED_FUNCTION = YES;
				GCC_WARN_UNUSED_VARIABLE = YES;
				IPHONEOS_DEPLOYMENT_TARGET = 15.2;
				MTL_ENABLE_DEBUG_INFO = NO;
				MTL_FAST_MATH = YES;
				SDKROOT = iphoneos;
				SWIFT_COMPILATION_MODE = wholemodule;
				SWIFT_OPTIMIZATION_LEVEL = "-O";
				VALIDATE_PRODUCT = YES;
			};
			name = Release;
		};
		074FD2D127F85B2000B8C396 /* Debug */ = {
			isa = XCBuildConfiguration;
			buildSettings = {
				ASSETCATALOG_COMPILER_APPICON_NAME = AppIcon;
				ASSETCATALOG_COMPILER_GLOBAL_ACCENT_COLOR_NAME = AccentColor;
				CODE_SIGN_STYLE = Automatic;
				CURRENT_PROJECT_VERSION = 1;
				DEVELOPMENT_TEAM = QV37CC32ZJ;
				GENERATE_INFOPLIST_FILE = YES;
				INFOPLIST_FILE = KalchabekNurbekov_vk/Info.plist;
				INFOPLIST_KEY_CFBundleDisplayName = vk;
				INFOPLIST_KEY_UIApplicationSupportsIndirectInputEvents = YES;
				INFOPLIST_KEY_UILaunchStoryboardName = LaunchScreen;
				INFOPLIST_KEY_UIMainStoryboardFile = Main;
				INFOPLIST_KEY_UISupportedInterfaceOrientations_iPad = "UIInterfaceOrientationPortrait UIInterfaceOrientationPortraitUpsideDown UIInterfaceOrientationLandscapeLeft UIInterfaceOrientationLandscapeRight";
				INFOPLIST_KEY_UISupportedInterfaceOrientations_iPhone = "UIInterfaceOrientationPortrait UIInterfaceOrientationLandscapeLeft UIInterfaceOrientationLandscapeRight";
				LD_RUNPATH_SEARCH_PATHS = (
					"$(inherited)",
					"@executable_path/Frameworks",
				);
				MARKETING_VERSION = 1.0;
				PRODUCT_BUNDLE_IDENTIFIER = "Kalchabek-Nurbekov.KalchabekNurbekov-vk";
				PRODUCT_NAME = "$(TARGET_NAME)";
				SWIFT_EMIT_LOC_STRINGS = YES;
				SWIFT_VERSION = 5.0;
				TARGETED_DEVICE_FAMILY = "1,2";
			};
			name = Debug;
		};
		074FD2D227F85B2000B8C396 /* Release */ = {
			isa = XCBuildConfiguration;
			buildSettings = {
				ASSETCATALOG_COMPILER_APPICON_NAME = AppIcon;
				ASSETCATALOG_COMPILER_GLOBAL_ACCENT_COLOR_NAME = AccentColor;
				CODE_SIGN_STYLE = Automatic;
				CURRENT_PROJECT_VERSION = 1;
				DEVELOPMENT_TEAM = QV37CC32ZJ;
				GENERATE_INFOPLIST_FILE = YES;
				INFOPLIST_FILE = KalchabekNurbekov_vk/Info.plist;
				INFOPLIST_KEY_CFBundleDisplayName = vk;
				INFOPLIST_KEY_UIApplicationSupportsIndirectInputEvents = YES;
				INFOPLIST_KEY_UILaunchStoryboardName = LaunchScreen;
				INFOPLIST_KEY_UIMainStoryboardFile = Main;
				INFOPLIST_KEY_UISupportedInterfaceOrientations_iPad = "UIInterfaceOrientationPortrait UIInterfaceOrientationPortraitUpsideDown UIInterfaceOrientationLandscapeLeft UIInterfaceOrientationLandscapeRight";
				INFOPLIST_KEY_UISupportedInterfaceOrientations_iPhone = "UIInterfaceOrientationPortrait UIInterfaceOrientationLandscapeLeft UIInterfaceOrientationLandscapeRight";
				LD_RUNPATH_SEARCH_PATHS = (
					"$(inherited)",
					"@executable_path/Frameworks",
				);
				MARKETING_VERSION = 1.0;
				PRODUCT_BUNDLE_IDENTIFIER = "Kalchabek-Nurbekov.KalchabekNurbekov-vk";
				PRODUCT_NAME = "$(TARGET_NAME)";
				SWIFT_EMIT_LOC_STRINGS = YES;
				SWIFT_VERSION = 5.0;
				TARGETED_DEVICE_FAMILY = "1,2";
			};
			name = Release;
		};
/* End XCBuildConfiguration section */

/* Begin XCConfigurationList section */
		074FD2B727F85B1E00B8C396 /* Build configuration list for PBXProject "KalchabekNurbekov_vk" */ = {
			isa = XCConfigurationList;
			buildConfigurations = (
				074FD2CE27F85B2000B8C396 /* Debug */,
				074FD2CF27F85B2000B8C396 /* Release */,
			);
			defaultConfigurationIsVisible = 0;
			defaultConfigurationName = Release;
		};
		074FD2D027F85B2000B8C396 /* Build configuration list for PBXNativeTarget "KalchabekNurbekov_vk" */ = {
			isa = XCConfigurationList;
			buildConfigurations = (
				074FD2D127F85B2000B8C396 /* Debug */,
				074FD2D227F85B2000B8C396 /* Release */,
			);
			defaultConfigurationIsVisible = 0;
			defaultConfigurationName = Release;
		};
/* End XCConfigurationList section */
	};
	rootObject = 074FD2B427F85B1E00B8C396 /* Project object */;
}
